
Microsoft Visual Studio Solution File, Format Version 12.00
# Visual Studio 15
VisualStudioVersion = 15.0.28307.572
MinimumVisualStudioVersion = 10.0.40219.1
Project("{FAE04EC0-301F-11D3-BF4B-00C04F79EFBC}") = "AdventofCode2019", "AdventofCode2019\AdventofCode2019.csproj", "{79746E70-1C27-421E-ABF0-1B591E303861}"
EndProject
Global
	GlobalSection(SolutionConfigurationPlatforms) = preSolution
		Debug|Any CPU = Debug|Any CPU
		Release|Any CPU = Release|Any CPU
	EndGlobalSection
	GlobalSection(ProjectConfigurationPlatforms) = postSolution
		{79746E70-1C27-421E-ABF0-1B591E303861}.Debug|Any CPU.ActiveCfg = Debug|Any CPU
		{79746E70-1C27-421E-ABF0-1B591E303861}.Debug|Any CPU.Build.0 = Debug|Any CPU
		{79746E70-1C27-421E-ABF0-1B591E303861}.Release|Any CPU.ActiveCfg = Release|Any CPU
		{79746E70-1C27-421E-ABF0-1B591E303861}.Release|Any CPU.Build.0 = Release|Any CPU
	EndGlobalSection
	GlobalSection(SolutionProperties) = preSolution
		HideSolutionNode = FALSE
	EndGlobalSection
	GlobalSection(ExtensibilityGlobals) = postSolution
		SolutionGuid = {9D40BA03-760D-4F7E-B486-76D5D1D8B1B1}
	EndGlobalSection
EndGlobal
